{
  "name": "bullish",
  "version": "1.0.0",
  "lockfileVersion": 2,
  "requires": true,
  "packages": {
    "": {
      "version": "1.0.0",
      "license": "ISC",
      "dependencies": {
        "@sentry/node": "^5.20.0",
        "axios": "^0.21.1",
        "stripe": "^8.68.0"
      }
    },
    "node_modules/@sentry/apm": {
      "version": "5.20.0",
      "resolved": "https://registry.npmjs.org/@sentry/apm/-/apm-5.20.0.tgz",
      "integrity": "sha512-6zfMRYXG/9VzsmgQqYqFFvg/5XJYOimY/KIrJAijemMLb0Xhwu3xw/2eelWxkWilTBXUWO+dQel5P7JBA8QsKw==",
      "dependencies": {
        "@sentry/browser": "5.20.0",
        "@sentry/hub": "5.20.0",
        "@sentry/minimal": "5.20.0",
        "@sentry/types": "5.20.0",
        "@sentry/utils": "5.20.0",
        "tslib": "^1.9.3"
      }
    },
    "node_modules/@sentry/browser": {
      "version": "5.20.0",
      "resolved": "https://registry.npmjs.org/@sentry/browser/-/browser-5.20.0.tgz",
      "integrity": "sha512-xVPL7/RuAPcemfSzXiyPHAt4M+0BfzkdTlN+PZb6frCEo4k6E0UiN6WLsGj/iwa2gXhyfTQXtbTuP+tDuNPEJw==",
      "dependencies": {
        "@sentry/core": "5.20.0",
        "@sentry/types": "5.20.0",
        "@sentry/utils": "5.20.0",
        "tslib": "^1.9.3"
      }
    },
    "node_modules/@sentry/core": {
      "version": "5.20.0",
      "resolved": "https://registry.npmjs.org/@sentry/core/-/core-5.20.0.tgz",
      "integrity": "sha512-fzzWKEolc0O6H/phdDenzKs7JXDSb0sooxVn0QCUkwWSzACALQh+NR/UciOXyhyuoUiqu4zthYQx02qtGqizeQ==",
      "dependencies": {
        "@sentry/hub": "5.20.0",
        "@sentry/minimal": "5.20.0",
        "@sentry/types": "5.20.0",
        "@sentry/utils": "5.20.0",
        "tslib": "^1.9.3"
      }
    },
    "node_modules/@sentry/hub": {
      "version": "5.20.0",
      "resolved": "https://registry.npmjs.org/@sentry/hub/-/hub-5.20.0.tgz",
      "integrity": "sha512-DiU8fpjAAMOgSx5tsTekMtHPCAtSNWSNS91FFkDCqPn6fYG+/aK/hB5kTlJwr+GTM1815+WWrtXP6y2ecSmZuA==",
      "dependencies": {
        "@sentry/types": "5.20.0",
        "@sentry/utils": "5.20.0",
        "tslib": "^1.9.3"
      }
    },
    "node_modules/@sentry/minimal": {
      "version": "5.20.0",
      "resolved": "https://registry.npmjs.org/@sentry/minimal/-/minimal-5.20.0.tgz",
      "integrity": "sha512-oA+0g7p3bapzjgGKQIkSjcjA85VG1HPmjxBD9wpRvNjmYuVmm80Cl1H/P+xg/hupw/kNmASAX4IOd5Z9pEeboA==",
      "dependencies": {
        "@sentry/hub": "5.20.0",
        "@sentry/types": "5.20.0",
        "tslib": "^1.9.3"
      }
    },
    "node_modules/@sentry/node": {
      "version": "5.20.0",
      "resolved": "https://registry.npmjs.org/@sentry/node/-/node-5.20.0.tgz",
      "integrity": "sha512-xOSP+sWptQff1dQR8G9DCpATT99odsnEpg+X/uqW6bUvjfgsabiPN4nc/orwkTNtm4MhffZiXVq48IAgl/x8Uw==",
      "dependencies": {
        "@sentry/apm": "5.20.0",
        "@sentry/core": "5.20.0",
        "@sentry/hub": "5.20.0",
        "@sentry/types": "5.20.0",
        "@sentry/utils": "5.20.0",
        "cookie": "^0.4.1",
        "https-proxy-agent": "^5.0.0",
        "lru_map": "^0.3.3",
        "tslib": "^1.9.3"
      }
    },
    "node_modules/@sentry/types": {
      "version": "5.20.0",
      "resolved": "https://registry.npmjs.org/@sentry/types/-/types-5.20.0.tgz",
      "integrity": "sha512-/9tiGiXBRsOKM66HeCpt0iSF0vnAIqHzXgC97icNQIstx/ZA8tcLs9540cHDeaN0cyZUyZF1o8ECqcLXGNODWQ=="
    },
    "node_modules/@sentry/utils": {
      "version": "5.20.0",
      "resolved": "https://registry.npmjs.org/@sentry/utils/-/utils-5.20.0.tgz",
      "integrity": "sha512-w0AeAzWEf35h9U9QL/4lgS9MqaTPjeSmQYNU/n4ef3FKr+u8HP68Ra7NZ0adiKgi67Yxr652kWopOLPl7CxvZg==",
      "dependencies": {
        "@sentry/types": "5.20.0",
        "tslib": "^1.9.3"
      }
    },
    "node_modules/@types/node": {
      "version": "14.0.14",
      "resolved": "https://registry.npmjs.org/@types/node/-/node-14.0.14.tgz",
      "integrity": "sha512-syUgf67ZQpaJj01/tRTknkMNoBBLWJOBODF0Zm4NrXmiSuxjymFrxnTu1QVYRubhVkRcZLYZG8STTwJRdVm/WQ=="
    },
    "node_modules/agent-base": {
      "version": "6.0.1",
      "resolved": "https://registry.npmjs.org/agent-base/-/agent-base-6.0.1.tgz",
      "integrity": "sha512-01q25QQDwLSsyfhrKbn8yuur+JNw0H+0Y4JiGIKd3z9aYk/w/2kxD/Upc+t2ZBBSUNff50VjPsSW2YxM8QYKVg==",
      "dependencies": {
        "debug": "4"
      }
    },
    "node_modules/agent-base/node_modules/debug": {
      "version": "4.1.1",
      "resolved": "https://registry.npmjs.org/debug/-/debug-4.1.1.tgz",
      "integrity": "sha512-pYAIzeRo8J6KPEaJ0VWOh5Pzkbw/RetuzehGM7QRRX5he4fPHx2rdKMB256ehJCkX+XRQm16eZLqLNS8RSZXZw==",
      "dependencies": {
        "ms": "^2.1.1"
      }
    },
    "node_modules/agent-base/node_modules/ms": {
      "version": "2.1.2",
      "resolved": "https://registry.npmjs.org/ms/-/ms-2.1.2.tgz",
      "integrity": "sha512-sGkPx+VjMtmA6MX27oA4FBFELFCZZ4S4XqeGOXCv68tT+jb3vk/RyaKWP0PTKyWtmLSM0b+adUTEvbs1PEaH2w=="
    },
    "node_modules/axios": {
      "version": "0.21.1",
      "resolved": "https://registry.npmjs.org/axios/-/axios-0.21.1.tgz",
      "integrity": "sha512-dKQiRHxGD9PPRIUNIWvZhPTPpl1rf/OxTYKsqKUDjBwYylTvV7SjSHJb9ratfyzM6wCdLCOYLzs73qpg5c4iGA==",
      "dependencies": {
        "follow-redirects": "^1.10.0"
      }
    },
    "node_modules/cookie": {
      "version": "0.4.1",
      "resolved": "https://registry.npmjs.org/cookie/-/cookie-0.4.1.tgz",
      "integrity": "sha512-ZwrFkGJxUR3EIoXtO+yVE69Eb7KlixbaeAWfBQB9vVsNn/o+Yw69gBWSSDK825hQNdN+wF8zELf3dFNl/kxkUA=="
    },
    "node_modules/follow-redirects": {
      "version": "1.13.1",
      "resolved": "https://registry.npmjs.org/follow-redirects/-/follow-redirects-1.13.1.tgz",
      "integrity": "sha512-SSG5xmZh1mkPGyKzjZP8zLjltIfpW32Y5QpdNJyjcfGxK3qo3NDDkZOZSFiGn1A6SclQxY9GzEwAHQ3dmYRWpg==",
      "funding": [
        {
          "type": "individual",
          "url": "https://github.com/sponsors/RubenVerborgh"
        }
      ],
      "engines": {
        "node": ">=4.0"
      },
      "peerDependenciesMeta": {
        "debug": {
          "optional": true
        }
      }
    },
    "node_modules/https-proxy-agent": {
      "version": "5.0.0",
      "resolved": "https://registry.npmjs.org/https-proxy-agent/-/https-proxy-agent-5.0.0.tgz",
      "integrity": "sha512-EkYm5BcKUGiduxzSt3Eppko+PiNWNEpa4ySk9vTC6wDsQJW9rHSa+UhGNJoRYp7bz6Ht1eaRIa6QaJqO5rCFbA==",
      "dependencies": {
        "agent-base": "6",
        "debug": "4"
      }
    },
    "node_modules/https-proxy-agent/node_modules/debug": {
      "version": "4.1.1",
      "resolved": "https://registry.npmjs.org/debug/-/debug-4.1.1.tgz",
      "integrity": "sha512-pYAIzeRo8J6KPEaJ0VWOh5Pzkbw/RetuzehGM7QRRX5he4fPHx2rdKMB256ehJCkX+XRQm16eZLqLNS8RSZXZw==",
      "dependencies": {
        "ms": "^2.1.1"
      }
    },
    "node_modules/https-proxy-agent/node_modules/ms": {
      "version": "2.1.2",
      "resolved": "https://registry.npmjs.org/ms/-/ms-2.1.2.tgz",
      "integrity": "sha512-sGkPx+VjMtmA6MX27oA4FBFELFCZZ4S4XqeGOXCv68tT+jb3vk/RyaKWP0PTKyWtmLSM0b+adUTEvbs1PEaH2w=="
    },
    "node_modules/lru_map": {
      "version": "0.3.3",
      "resolved": "https://registry.npmjs.org/lru_map/-/lru_map-0.3.3.tgz",
      "integrity": "sha1-tcg1G5Rky9dQM1p5ZQoOwOVhGN0="
    },
    "node_modules/qs": {
      "version": "6.9.4",
      "resolved": "https://registry.npmjs.org/qs/-/qs-6.9.4.tgz",
      "integrity": "sha512-A1kFqHekCTM7cz0udomYUoYNWjBebHm/5wzU/XqrBRBNWectVH0QIiN+NEcZ0Dte5hvzHwbr8+XQmguPhJ6WdQ=="
    },
    "node_modules/stripe": {
      "version": "8.68.0",
      "resolved": "https://registry.npmjs.org/stripe/-/stripe-8.68.0.tgz",
      "integrity": "sha512-NjVf4dA5ACCbE3susJH7KpT+4EbE1nBSwTjMhi9rT+xhrm9xEtx21lufoYWLkezuPN4O3LIPv4eXJQGaa6SrdQ==",
      "dependencies": {
        "@types/node": ">=8.1.0",
        "qs": "^6.6.0"
      }
    },
    "node_modules/tslib": {
      "version": "1.13.0",
      "resolved": "https://registry.npmjs.org/tslib/-/tslib-1.13.0.tgz",
      "integrity": "sha512-i/6DQjL8Xf3be4K/E6Wgpekn5Qasl1usyw++dAA35Ue5orEn65VIxOA+YvNNl9HV3qv70T7CNwjODHZrLwvd1Q=="
    }
  },
  "dependencies": {
    "@sentry/apm": {
      "version": "5.20.0",
      "resolved": "https://registry.npmjs.org/@sentry/apm/-/apm-5.20.0.tgz",
      "integrity": "sha512-6zfMRYXG/9VzsmgQqYqFFvg/5XJYOimY/KIrJAijemMLb0Xhwu3xw/2eelWxkWilTBXUWO+dQel5P7JBA8QsKw==",
      "requires": {
        "@sentry/browser": "5.20.0",
        "@sentry/hub": "5.20.0",
        "@sentry/minimal": "5.20.0",
        "@sentry/types": "5.20.0",
        "@sentry/utils": "5.20.0",
        "tslib": "^1.9.3"
      }
    },
    "@sentry/browser": {
      "version": "5.20.0",
      "resolved": "https://registry.npmjs.org/@sentry/browser/-/browser-5.20.0.tgz",
      "integrity": "sha512-xVPL7/RuAPcemfSzXiyPHAt4M+0BfzkdTlN+PZb6frCEo4k6E0UiN6WLsGj/iwa2gXhyfTQXtbTuP+tDuNPEJw==",
      "requires": {
        "@sentry/core": "5.20.0",
        "@sentry/types": "5.20.0",
        "@sentry/utils": "5.20.0",
        "tslib": "^1.9.3"
      }
    },
    "@sentry/core": {
      "version": "5.20.0",
      "resolved": "https://registry.npmjs.org/@sentry/core/-/core-5.20.0.tgz",
      "integrity": "sha512-fzzWKEolc0O6H/phdDenzKs7JXDSb0sooxVn0QCUkwWSzACALQh+NR/UciOXyhyuoUiqu4zthYQx02qtGqizeQ==",
      "requires": {
        "@sentry/hub": "5.20.0",
        "@sentry/minimal": "5.20.0",
        "@sentry/types": "5.20.0",
        "@sentry/utils": "5.20.0",
        "tslib": "^1.9.3"
      }
    },
    "@sentry/hub": {
      "version": "5.20.0",
      "resolved": "https://registry.npmjs.org/@sentry/hub/-/hub-5.20.0.tgz",
      "integrity": "sha512-DiU8fpjAAMOgSx5tsTekMtHPCAtSNWSNS91FFkDCqPn6fYG+/aK/hB5kTlJwr+GTM1815+WWrtXP6y2ecSmZuA==",
      "requires": {
        "@sentry/types": "5.20.0",
        "@sentry/utils": "5.20.0",
        "tslib": "^1.9.3"
      }
    },
    "@sentry/minimal": {
      "version": "5.20.0",
      "resolved": "https://registry.npmjs.org/@sentry/minimal/-/minimal-5.20.0.tgz",
      "integrity": "sha512-oA+0g7p3bapzjgGKQIkSjcjA85VG1HPmjxBD9wpRvNjmYuVmm80Cl1H/P+xg/hupw/kNmASAX4IOd5Z9pEeboA==",
      "requires": {
        "@sentry/hub": "5.20.0",
        "@sentry/types": "5.20.0",
        "tslib": "^1.9.3"
      }
    },
    "@sentry/node": {
      "version": "5.20.0",
      "resolved": "https://registry.npmjs.org/@sentry/node/-/node-5.20.0.tgz",
      "integrity": "sha512-xOSP+sWptQff1dQR8G9DCpATT99odsnEpg+X/uqW6bUvjfgsabiPN4nc/orwkTNtm4MhffZiXVq48IAgl/x8Uw==",
      "requires": {
        "@sentry/apm": "5.20.0",
        "@sentry/core": "5.20.0",
        "@sentry/hub": "5.20.0",
        "@sentry/types": "5.20.0",
        "@sentry/utils": "5.20.0",
        "cookie": "^0.4.1",
        "https-proxy-agent": "^5.0.0",
        "lru_map": "^0.3.3",
        "tslib": "^1.9.3"
      }
    },
    "@sentry/types": {
      "version": "5.20.0",
      "resolved": "https://registry.npmjs.org/@sentry/types/-/types-5.20.0.tgz",
      "integrity": "sha512-/9tiGiXBRsOKM66HeCpt0iSF0vnAIqHzXgC97icNQIstx/ZA8tcLs9540cHDeaN0cyZUyZF1o8ECqcLXGNODWQ=="
    },
    "@sentry/utils": {
      "version": "5.20.0",
      "resolved": "https://registry.npmjs.org/@sentry/utils/-/utils-5.20.0.tgz",
      "integrity": "sha512-w0AeAzWEf35h9U9QL/4lgS9MqaTPjeSmQYNU/n4ef3FKr+u8HP68Ra7NZ0adiKgi67Yxr652kWopOLPl7CxvZg==",
      "requires": {
        "@sentry/types": "5.20.0",
        "tslib": "^1.9.3"
      }
    },
    "@types/node": {
      "version": "14.0.14",
      "resolved": "https://registry.npmjs.org/@types/node/-/node-14.0.14.tgz",
      "integrity": "sha512-syUgf67ZQpaJj01/tRTknkMNoBBLWJOBODF0Zm4NrXmiSuxjymFrxnTu1QVYRubhVkRcZLYZG8STTwJRdVm/WQ=="
    },
    "agent-base": {
      "version": "6.0.1",
      "resolved": "https://registry.npmjs.org/agent-base/-/agent-base-6.0.1.tgz",
      "integrity": "sha512-01q25QQDwLSsyfhrKbn8yuur+JNw0H+0Y4JiGIKd3z9aYk/w/2kxD/Upc+t2ZBBSUNff50VjPsSW2YxM8QYKVg==",
      "requires": {
        "debug": "4"
      },
      "dependencies": {
        "debug": {
          "version": "4.1.1",
          "resolved": "https://registry.npmjs.org/debug/-/debug-4.1.1.tgz",
          "integrity": "sha512-pYAIzeRo8J6KPEaJ0VWOh5Pzkbw/RetuzehGM7QRRX5he4fPHx2rdKMB256ehJCkX+XRQm16eZLqLNS8RSZXZw==",
          "requires": {
            "ms": "^2.1.1"
          }
        },
        "ms": {
          "version": "2.1.2",
          "resolved": "https://registry.npmjs.org/ms/-/ms-2.1.2.tgz",
          "integrity": "sha512-sGkPx+VjMtmA6MX27oA4FBFELFCZZ4S4XqeGOXCv68tT+jb3vk/RyaKWP0PTKyWtmLSM0b+adUTEvbs1PEaH2w=="
        }
      }
    },
    "axios": {
      "version": "0.21.1",
      "resolved": "https://registry.npmjs.org/axios/-/axios-0.21.1.tgz",
      "integrity": "sha512-dKQiRHxGD9PPRIUNIWvZhPTPpl1rf/OxTYKsqKUDjBwYylTvV7SjSHJb9ratfyzM6wCdLCOYLzs73qpg5c4iGA==",
      "requires": {
        "follow-redirects": "^1.10.0"
      }
    },
    "cookie": {
      "version": "0.4.1",
      "resolved": "https://registry.npmjs.org/cookie/-/cookie-0.4.1.tgz",
      "integrity": "sha512-ZwrFkGJxUR3EIoXtO+yVE69Eb7KlixbaeAWfBQB9vVsNn/o+Yw69gBWSSDK825hQNdN+wF8zELf3dFNl/kxkUA=="
    },
    "follow-redirects": {
      "version": "1.13.1",
      "resolved": "https://registry.npmjs.org/follow-redirects/-/follow-redirects-1.13.1.tgz",
      "integrity": "sha512-SSG5xmZh1mkPGyKzjZP8zLjltIfpW32Y5QpdNJyjcfGxK3qo3NDDkZOZSFiGn1A6SclQxY9GzEwAHQ3dmYRWpg=="
    },
    "https-proxy-agent": {
      "version": "5.0.0",
      "resolved": "https://registry.npmjs.org/https-proxy-agent/-/https-proxy-agent-5.0.0.tgz",
      "integrity": "sha512-EkYm5BcKUGiduxzSt3Eppko+PiNWNEpa4ySk9vTC6wDsQJW9rHSa+UhGNJoRYp7bz6Ht1eaRIa6QaJqO5rCFbA==",
      "requires": {
        "agent-base": "6",
        "debug": "4"
      },
      "dependencies": {
        "debug": {
          "version": "4.1.1",
          "resolved": "https://registry.npmjs.org/debug/-/debug-4.1.1.tgz",
          "integrity": "sha512-pYAIzeRo8J6KPEaJ0VWOh5Pzkbw/RetuzehGM7QRRX5he4fPHx2rdKMB256ehJCkX+XRQm16eZLqLNS8RSZXZw==",
          "requires": {
            "ms": "^2.1.1"
          }
        },
        "ms": {
          "version": "2.1.2",
          "resolved": "https://registry.npmjs.org/ms/-/ms-2.1.2.tgz",
          "integrity": "sha512-sGkPx+VjMtmA6MX27oA4FBFELFCZZ4S4XqeGOXCv68tT+jb3vk/RyaKWP0PTKyWtmLSM0b+adUTEvbs1PEaH2w=="
        }
      }
    },
    "lru_map": {
      "version": "0.3.3",
      "resolved": "https://registry.npmjs.org/lru_map/-/lru_map-0.3.3.tgz",
      "integrity": "sha1-tcg1G5Rky9dQM1p5ZQoOwOVhGN0="
    },
    "qs": {
      "version": "6.9.4",
      "resolved": "https://registry.npmjs.org/qs/-/qs-6.9.4.tgz",
      "integrity": "sha512-A1kFqHekCTM7cz0udomYUoYNWjBebHm/5wzU/XqrBRBNWectVH0QIiN+NEcZ0Dte5hvzHwbr8+XQmguPhJ6WdQ=="
    },
    "stripe": {
      "version": "8.68.0",
      "resolved": "https://registry.npmjs.org/stripe/-/stripe-8.68.0.tgz",
      "integrity": "sha512-NjVf4dA5ACCbE3susJH7KpT+4EbE1nBSwTjMhi9rT+xhrm9xEtx21lufoYWLkezuPN4O3LIPv4eXJQGaa6SrdQ==",
      "requires": {
        "@types/node": ">=8.1.0",
        "qs": "^6.6.0"
      }
    },
    "tslib": {
      "version": "1.13.0",
      "resolved": "https://registry.npmjs.org/tslib/-/tslib-1.13.0.tgz",
      "integrity": "sha512-i/6DQjL8Xf3be4K/E6Wgpekn5Qasl1usyw++dAA35Ue5orEn65VIxOA+YvNNl9HV3qv70T7CNwjODHZrLwvd1Q=="
    }
  }
}
